
Microsoft Visual Studio Solution File, Format Version 12.00
# Visual Studio 14
VisualStudioVersion = 14.0.23107.0
MinimumVisualStudioVersion = 10.0.40219.1
Project("{FAE04EC0-301F-11D3-BF4B-00C04F79EFBC}") = "ProjetoBancaTCC_OO2", "ProjetoBancaTCC_OO2\ProjetoBancaTCC_OO2.csproj", "{9C72F37B-AADD-47F7-9964-DC5AAFDE69DB}"
EndProject
Project("{FAE04EC0-301F-11D3-BF4B-00C04F79EFBC}") = "PeixeiraConnection", "..\PeixeiraConnection\PeixeiraConnection\PeixeiraConnection.csproj", "{8C2EB150-885A-42CC-95C3-5EC78845B754}"
EndProject
Global
	GlobalSection(SolutionConfigurationPlatforms) = preSolution
		Debug|Any CPU = Debug|Any CPU
		Release|Any CPU = Release|Any CPU
	EndGlobalSection
	GlobalSection(ProjectConfigurationPlatforms) = postSolution
		{9C72F37B-AADD-47F7-9964-DC5AAFDE69DB}.Debug|Any CPU.ActiveCfg = Debug|Any CPU
		{9C72F37B-AADD-47F7-9964-DC5AAFDE69DB}.Debug|Any CPU.Build.0 = Debug|Any CPU
		{9C72F37B-AADD-47F7-9964-DC5AAFDE69DB}.Release|Any CPU.ActiveCfg = Release|Any CPU
		{9C72F37B-AADD-47F7-9964-DC5AAFDE69DB}.Release|Any CPU.Build.0 = Release|Any CPU
		{8C2EB150-885A-42CC-95C3-5EC78845B754}.Debug|Any CPU.ActiveCfg = Debug|Any CPU
		{8C2EB150-885A-42CC-95C3-5EC78845B754}.Debug|Any CPU.Build.0 = Debug|Any CPU
		{8C2EB150-885A-42CC-95C3-5EC78845B754}.Release|Any CPU.ActiveCfg = Release|Any CPU
		{8C2EB150-885A-42CC-95C3-5EC78845B754}.Release|Any CPU.Build.0 = Release|Any CPU
	EndGlobalSection
	GlobalSection(SolutionProperties) = preSolution
		HideSolutionNode = FALSE
	EndGlobalSection
EndGlobal
